
Microsoft Visual Studio Solution File, Format Version 12.00
# Visual Studio Version 17
VisualStudioVersion = 17.4.33205.214
MinimumVisualStudioVersion = 10.0.40219.1
Project("{9A19103F-16F7-4668-BE54-9A1E7A4F7556}") = "FirstImpressions", "FirstImpressions\FirstImpressions.csproj", "{007B6A9B-8F6D-4A27-9A54-180E2D6FADD7}"
EndProject
Project("{9A19103F-16F7-4668-BE54-9A1E7A4F7556}") = "AulaWebAPI", "AulaWebAPI\AulaWebAPI.csproj", "{5A097C17-3203-4E19-A784-507074C312BA}"
EndProject
Project("{9A19103F-16F7-4668-BE54-9A1E7A4F7556}") = "Aula1601", "Aula1601\Aula1601.csproj", "{49D4F3AF-D790-4AB7-8122-12D09BBCAE06}"
EndProject
Project("{9A19103F-16F7-4668-BE54-9A1E7A4F7556}") = "LINQ", "LINQ\LINQ.csproj", "{62D6FDCA-302A-484D-B4E4-B72624DFDF66}"
EndProject
Project("{9A19103F-16F7-4668-BE54-9A1E7A4F7556}") = "Server", "Sockets\Server.csproj", "{4CA34C92-6C0F-4D7F-9988-2E796DCA5B10}"
EndProject
Project("{2150E333-8FDC-42A3-9474-1A3956D46DE8}") = "Sockets", "Sockets", "{5C8040E8-1CC9-4E4A-9CCB-64672A7C4DD0}"
EndProject
Project("{9A19103F-16F7-4668-BE54-9A1E7A4F7556}") = "Client", "Client\Client.csproj", "{981E08E5-2038-43CB-88BC-535A91FFB565}"
EndProject
Project("{FAE04EC0-301F-11D3-BF4B-00C04F79EFBC}") = "HttpExample", "HttpExample\HttpExample.csproj", "{028A420C-78DE-4F5F-95AB-EEAD37D06212}"
EndProject
Global
	GlobalSection(SolutionConfigurationPlatforms) = preSolution
		Debug|Any CPU = Debug|Any CPU
		Release|Any CPU = Release|Any CPU
	EndGlobalSection
	GlobalSection(ProjectConfigurationPlatforms) = postSolution
		{007B6A9B-8F6D-4A27-9A54-180E2D6FADD7}.Debug|Any CPU.ActiveCfg = Debug|Any CPU
		{007B6A9B-8F6D-4A27-9A54-180E2D6FADD7}.Debug|Any CPU.Build.0 = Debug|Any CPU
		{007B6A9B-8F6D-4A27-9A54-180E2D6FADD7}.Release|Any CPU.ActiveCfg = Release|Any CPU
		{007B6A9B-8F6D-4A27-9A54-180E2D6FADD7}.Release|Any CPU.Build.0 = Release|Any CPU
		{5A097C17-3203-4E19-A784-507074C312BA}.Debug|Any CPU.ActiveCfg = Debug|Any CPU
		{5A097C17-3203-4E19-A784-507074C312BA}.Debug|Any CPU.Build.0 = Debug|Any CPU
		{5A097C17-3203-4E19-A784-507074C312BA}.Release|Any CPU.ActiveCfg = Release|Any CPU
		{5A097C17-3203-4E19-A784-507074C312BA}.Release|Any CPU.Build.0 = Release|Any CPU
		{49D4F3AF-D790-4AB7-8122-12D09BBCAE06}.Debug|Any CPU.ActiveCfg = Debug|Any CPU
		{49D4F3AF-D790-4AB7-8122-12D09BBCAE06}.Debug|Any CPU.Build.0 = Debug|Any CPU
		{49D4F3AF-D790-4AB7-8122-12D09BBCAE06}.Release|Any CPU.ActiveCfg = Release|Any CPU
		{49D4F3AF-D790-4AB7-8122-12D09BBCAE06}.Release|Any CPU.Build.0 = Release|Any CPU
		{62D6FDCA-302A-484D-B4E4-B72624DFDF66}.Debug|Any CPU.ActiveCfg = Debug|Any CPU
		{62D6FDCA-302A-484D-B4E4-B72624DFDF66}.Debug|Any CPU.Build.0 = Debug|Any CPU
		{62D6FDCA-302A-484D-B4E4-B72624DFDF66}.Release|Any CPU.ActiveCfg = Release|Any CPU
		{62D6FDCA-302A-484D-B4E4-B72624DFDF66}.Release|Any CPU.Build.0 = Release|Any CPU
		{4CA34C92-6C0F-4D7F-9988-2E796DCA5B10}.Debug|Any CPU.ActiveCfg = Debug|Any CPU
		{4CA34C92-6C0F-4D7F-9988-2E796DCA5B10}.Debug|Any CPU.Build.0 = Debug|Any CPU
		{4CA34C92-6C0F-4D7F-9988-2E796DCA5B10}.Release|Any CPU.ActiveCfg = Release|Any CPU
		{4CA34C92-6C0F-4D7F-9988-2E796DCA5B10}.Release|Any CPU.Build.0 = Release|Any CPU
		{981E08E5-2038-43CB-88BC-535A91FFB565}.Debug|Any CPU.ActiveCfg = Debug|Any CPU
		{981E08E5-2038-43CB-88BC-535A91FFB565}.Debug|Any CPU.Build.0 = Debug|Any CPU
		{981E08E5-2038-43CB-88BC-535A91FFB565}.Release|Any CPU.ActiveCfg = Release|Any CPU
		{981E08E5-2038-43CB-88BC-535A91FFB565}.Release|Any CPU.Build.0 = Release|Any CPU
		{028A420C-78DE-4F5F-95AB-EEAD37D06212}.Debug|Any CPU.ActiveCfg = Debug|Any CPU
		{028A420C-78DE-4F5F-95AB-EEAD37D06212}.Debug|Any CPU.Build.0 = Debug|Any CPU
		{028A420C-78DE-4F5F-95AB-EEAD37D06212}.Release|Any CPU.ActiveCfg = Release|Any CPU
		{028A420C-78DE-4F5F-95AB-EEAD37D06212}.Release|Any CPU.Build.0 = Release|Any CPU
	EndGlobalSection
	GlobalSection(SolutionProperties) = preSolution
		HideSolutionNode = FALSE
	EndGlobalSection
	GlobalSection(NestedProjects) = preSolution
		{4CA34C92-6C0F-4D7F-9988-2E796DCA5B10} = {5C8040E8-1CC9-4E4A-9CCB-64672A7C4DD0}
		{981E08E5-2038-43CB-88BC-535A91FFB565} = {5C8040E8-1CC9-4E4A-9CCB-64672A7C4DD0}
		{028A420C-78DE-4F5F-95AB-EEAD37D06212} = {5C8040E8-1CC9-4E4A-9CCB-64672A7C4DD0}
	EndGlobalSection
	GlobalSection(ExtensibilityGlobals) = postSolution
		SolutionGuid = {14477BF4-2D36-4E0C-B5A8-C31CFEF3385B}
	EndGlobalSection
EndGlobal
